
Microsoft Visual Studio Solution File, Format Version 12.00
# Visual Studio Version 17
VisualStudioVersion = 17.7.34024.191
MinimumVisualStudioVersion = 10.0.40219.1
Project("{FAE04EC0-301F-11D3-BF4B-00C04F79EFBC}") = "Backend", "Backend\Backend.csproj", "{FF1AEDE2-7DA1-4765-B550-947374A9F838}"
EndProject
Project("{FAE04EC0-301F-11D3-BF4B-00C04F79EFBC}") = "Domen", "Domen\Domen.csproj", "{C96B6B4A-613C-4B73-927C-FF4F5DED1117}"
EndProject
Project("{FAE04EC0-301F-11D3-BF4B-00C04F79EFBC}") = "frontend", "frontend\frontend.csproj", "{A4251C72-15B9-427C-B1BE-4810DB1822B9}"
EndProject
Global
	GlobalSection(SolutionConfigurationPlatforms) = preSolution
		Debug|Any CPU = Debug|Any CPU
		Release|Any CPU = Release|Any CPU
	EndGlobalSection
	GlobalSection(ProjectConfigurationPlatforms) = postSolution
		{FF1AEDE2-7DA1-4765-B550-947374A9F838}.Debug|Any CPU.ActiveCfg = Debug|Any CPU
		{FF1AEDE2-7DA1-4765-B550-947374A9F838}.Debug|Any CPU.Build.0 = Debug|Any CPU
		{FF1AEDE2-7DA1-4765-B550-947374A9F838}.Release|Any CPU.ActiveCfg = Release|Any CPU
		{FF1AEDE2-7DA1-4765-B550-947374A9F838}.Release|Any CPU.Build.0 = Release|Any CPU
		{C96B6B4A-613C-4B73-927C-FF4F5DED1117}.Debug|Any CPU.ActiveCfg = Debug|Any CPU
		{C96B6B4A-613C-4B73-927C-FF4F5DED1117}.Debug|Any CPU.Build.0 = Debug|Any CPU
		{C96B6B4A-613C-4B73-927C-FF4F5DED1117}.Release|Any CPU.ActiveCfg = Release|Any CPU
		{C96B6B4A-613C-4B73-927C-FF4F5DED1117}.Release|Any CPU.Build.0 = Release|Any CPU
		{A4251C72-15B9-427C-B1BE-4810DB1822B9}.Debug|Any CPU.ActiveCfg = Debug|Any CPU
		{A4251C72-15B9-427C-B1BE-4810DB1822B9}.Debug|Any CPU.Build.0 = Debug|Any CPU
		{A4251C72-15B9-427C-B1BE-4810DB1822B9}.Release|Any CPU.ActiveCfg = Release|Any CPU
		{A4251C72-15B9-427C-B1BE-4810DB1822B9}.Release|Any CPU.Build.0 = Release|Any CPU
	EndGlobalSection
	GlobalSection(SolutionProperties) = preSolution
		HideSolutionNode = FALSE
	EndGlobalSection
	GlobalSection(ExtensibilityGlobals) = postSolution
		SolutionGuid = {E1C32095-07B2-49AA-8FA6-45C6E2EF6413}
	EndGlobalSection
EndGlobal
